// !$*UTF8*$!
{
	archiveVersion = 1;
	classes = {
	};
	objectVersion = 46;
	objects = {

/* Begin PBXBuildFile section */
		5B673A3E1D1B863400E585E3 /* AppDelegate.swift in Sources */ = {isa = PBXBuildFile; fileRef = 5B673A3D1D1B863400E585E3 /* AppDelegate.swift */; };
		5B673A401D1B863400E585E3 /* ViewController.swift in Sources */ = {isa = PBXBuildFile; fileRef = 5B673A3F1D1B863400E585E3 /* ViewController.swift */; };
		5B673A431D1B863400E585E3 /* Main.storyboard in Resources */ = {isa = PBXBuildFile; fileRef = 5B673A411D1B863400E585E3 /* Main.storyboard */; };
		5B673A451D1B863400E585E3 /* Assets.xcassets in Resources */ = {isa = PBXBuildFile; fileRef = 5B673A441D1B863400E585E3 /* Assets.xcassets */; };
		5B673A481D1B863400E585E3 /* LaunchScreen.storyboard in Resources */ = {isa = PBXBuildFile; fileRef = 5B673A461D1B863400E585E3 /* LaunchScreen.storyboard */; };
		5B673A531D1B863400E585E3 /* FlappyBirdTests.swift in Sources */ = {isa = PBXBuildFile; fileRef = 5B673A521D1B863400E585E3 /* FlappyBirdTests.swift */; };
		5B673A5E1D1B863400E585E3 /* FlappyBirdUITests.swift in Sources */ = {isa = PBXBuildFile; fileRef = 5B673A5D1D1B863400E585E3 /* FlappyBirdUITests.swift */; };
		5B673A6C1D1B866600E585E3 /* SpriteKit.framework in Frameworks */ = {isa = PBXBuildFile; fileRef = 5B673A6B1D1B866600E585E3 /* SpriteKit.framework */; };
		5B673A6E1D1B891700E585E3 /* GameScene.swift in Sources */ = {isa = PBXBuildFile; fileRef = 5B673A6D1D1B891700E585E3 /* GameScene.swift */; };
		5B7C7C1D1D1D2ED200B84E56 /* coin.mp3 in Resources */ = {isa = PBXBuildFile; fileRef = 5B7C7C1B1D1D2ED200B84E56 /* coin.mp3 */; };
		5B7C7C1E1D1D2ED200B84E56 /* jump.mp3 in Resources */ = {isa = PBXBuildFile; fileRef = 5B7C7C1C1D1D2ED200B84E56 /* jump.mp3 */; };
/* End PBXBuildFile section */

/* Begin PBXContainerItemProxy section */
		5B673A4F1D1B863400E585E3 /* PBXContainerItemProxy */ = {
			isa = PBXContainerItemProxy;
			containerPortal = 5B673A321D1B863300E585E3 /* Project object */;
			proxyType = 1;
			remoteGlobalIDString = 5B673A391D1B863400E585E3;
			remoteInfo = FlappyBird;
		};
		5B673A5A1D1B863400E585E3 /* PBXContainerItemProxy */ = {
			isa = PBXContainerItemProxy;
			containerPortal = 5B673A321D1B863300E585E3 /* Project object */;
			proxyType = 1;
			remoteGlobalIDString = 5B673A391D1B863400E585E3;
			remoteInfo = FlappyBird;
		};
/* End PBXContainerItemProxy section */

/* Begin PBXFileReference section */
		5B673A3A1D1B863400E585E3 /* FlappyBird.app */ = {isa = PBXFileReference; explicitFileType = wrapper.application; includeInIndex = 0; path = FlappyBird.app; sourceTree = BUILT_PRODUCTS_DIR; };
		5B673A3D1D1B863400E585E3 /* AppDelegate.swift */ = {isa = PBXFileReference; lastKnownFileType = sourcecode.swift; path = AppDelegate.swift; sourceTree = "<group>"; };
		5B673A3F1D1B863400E585E3 /* ViewController.swift */ = {isa = PBXFileReference; lastKnownFileType = sourcecode.swift; path = ViewController.swift; sourceTree = "<group>"; };
		5B673A421D1B863400E585E3 /* Base */ = {isa = PBXFileReference; lastKnownFileType = file.storyboard; name = Base; path = Base.lproj/Main.storyboard; sourceTree = "<group>"; };
		5B673A441D1B863400E585E3 /* Assets.xcassets */ = {isa = PBXFileReference; lastKnownFileType = folder.assetcatalog; path = Assets.xcassets; sourceTree = "<group>"; };
		5B673A471D1B863400E585E3 /* Base */ = {isa = PBXFileReference; lastKnownFileType = file.storyboard; name = Base; path = Base.lproj/LaunchScreen.storyboard; sourceTree = "<group>"; };
		5B673A491D1B863400E585E3 /* Info.plist */ = {isa = PBXFileReference; lastKnownFileType = text.plist.xml; path = Info.plist; sourceTree = "<group>"; };
		5B673A4E1D1B863400E585E3 /* FlappyBirdTests.xctest */ = {isa = PBXFileReference; explicitFileType = wrapper.cfbundle; includeInIndex = 0; path = FlappyBirdTests.xctest; sourceTree = BUILT_PRODUCTS_DIR; };
		5B673A521D1B863400E585E3 /* FlappyBirdTests.swift */ = {isa = PBXFileReference; lastKnownFileType = sourcecode.swift; path = FlappyBirdTests.swift; sourceTree = "<group>"; };
		5B673A541D1B863400E585E3 /* Info.plist */ = {isa = PBXFileReference; lastKnownFileType = text.plist.xml; path = Info.plist; sourceTree = "<group>"; };
		5B673A591D1B863400E585E3 /* FlappyBirdUITests.xctest */ = {isa = PBXFileReference; explicitFileType = wrapper.cfbundle; includeInIndex = 0; path = FlappyBirdUITests.xctest; sourceTree = BUILT_PRODUCTS_DIR; };
		5B673A5D1D1B863400E585E3 /* FlappyBirdUITests.swift */ = {isa = PBXFileReference; lastKnownFileType = sourcecode.swift; path = FlappyBirdUITests.swift; sourceTree = "<group>"; };
		5B673A5F1D1B863400E585E3 /* Info.plist */ = {isa = PBXFileReference; lastKnownFileType = text.plist.xml; path = Info.plist; sourceTree = "<group>"; };
		5B673A6B1D1B866600E585E3 /* SpriteKit.framework */ = {isa = PBXFileReference; lastKnownFileType = wrapper.framework; name = SpriteKit.framework; path = System/Library/Frameworks/SpriteKit.framework; sourceTree = SDKROOT; };
		5B673A6D1D1B891700E585E3 /* GameScene.swift */ = {isa = PBXFileReference; fileEncoding = 4; lastKnownFileType = sourcecode.swift; path = GameScene.swift; sourceTree = "<group>"; };
		5B7C7C1B1D1D2ED200B84E56 /* coin.mp3 */ = {isa = PBXFileReference; lastKnownFileType = audio.mp3; path = coin.mp3; sourceTree = "<group>"; };
		5B7C7C1C1D1D2ED200B84E56 /* jump.mp3 */ = {isa = PBXFileReference; lastKnownFileType = audio.mp3; path = jump.mp3; sourceTree = "<group>"; };
/* End PBXFileReference section */

/* Begin PBXFrameworksBuildPhase section */
		5B673A371D1B863400E585E3 /* Frameworks */ = {
			isa = PBXFrameworksBuildPhase;
			buildActionMask = 2147483647;
			files = (
				5B673A6C1D1B866600E585E3 /* SpriteKit.framework in Frameworks */,
			);
			runOnlyForDeploymentPostprocessing = 0;
		};
		5B673A4B1D1B863400E585E3 /* Frameworks */ = {
			isa = PBXFrameworksBuildPhase;
			buildActionMask = 2147483647;
			files = (
			);
			runOnlyForDeploymentPostprocessing = 0;
		};
		5B673A561D1B863400E585E3 /* Frameworks */ = {
			isa = PBXFrameworksBuildPhase;
			buildActionMask = 2147483647;
			files = (
			);
			runOnlyForDeploymentPostprocessing = 0;
		};
/* End PBXFrameworksBuildPhase section */

/* Begin PBXGroup section */
		5B673A311D1B863300E585E3 = {
			isa = PBXGroup;
			children = (
				5B673A6B1D1B866600E585E3 /* SpriteKit.framework */,
				5B673A3C1D1B863400E585E3 /* FlappyBird */,
				5B673A511D1B863400E585E3 /* FlappyBirdTests */,
				5B673A5C1D1B863400E585E3 /* FlappyBirdUITests */,
				5B673A3B1D1B863400E585E3 /* Products */,
			);
			sourceTree = "<group>";
		};
		5B673A3B1D1B863400E585E3 /* Products */ = {
			isa = PBXGroup;
			children = (
				5B673A3A1D1B863400E585E3 /* FlappyBird.app */,
				5B673A4E1D1B863400E585E3 /* FlappyBirdTests.xctest */,
				5B673A591D1B863400E585E3 /* FlappyBirdUITests.xctest */,
			);
			name = Products;
			sourceTree = "<group>";
		};
		5B673A3C1D1B863400E585E3 /* FlappyBird */ = {
			isa = PBXGroup;
			children = (
				5B7C7C161D1D18AB00B84E56 /* music */,
				5B673A3D1D1B863400E585E3 /* AppDelegate.swift */,
				5B673A3F1D1B863400E585E3 /* ViewController.swift */,
				5B673A411D1B863400E585E3 /* Main.storyboard */,
				5B673A441D1B863400E585E3 /* Assets.xcassets */,
				5B673A461D1B863400E585E3 /* LaunchScreen.storyboard */,
				5B673A491D1B863400E585E3 /* Info.plist */,
				5B673A6D1D1B891700E585E3 /* GameScene.swift */,
			);
			path = FlappyBird;
			sourceTree = "<group>";
		};
		5B673A511D1B863400E585E3 /* FlappyBirdTests */ = {
			isa = PBXGroup;
			children = (
				5B673A521D1B863400E585E3 /* FlappyBirdTests.swift */,
				5B673A541D1B863400E585E3 /* Info.plist */,
			);
			path = FlappyBirdTests;
			sourceTree = "<group>";
		};
		5B673A5C1D1B863400E585E3 /* FlappyBirdUITests */ = {
			isa = PBXGroup;
			children = (
				5B673A5D1D1B863400E585E3 /* FlappyBirdUITests.swift */,
				5B673A5F1D1B863400E585E3 /* Info.plist */,
			);
			path = FlappyBirdUITests;
			sourceTree = "<group>";
		};
		5B7C7C161D1D18AB00B84E56 /* music */ = {
			isa = PBXGroup;
			children = (
				5B7C7C1B1D1D2ED200B84E56 /* coin.mp3 */,
				5B7C7C1C1D1D2ED200B84E56 /* jump.mp3 */,
			);
			name = music;
			sourceTree = "<group>";
		};
/* End PBXGroup section */

/* Begin PBXNativeTarget section */
		5B673A391D1B863400E585E3 /* FlappyBird */ = {
			isa = PBXNativeTarget;
			buildConfigurationList = 5B673A621D1B863400E585E3 /* Build configuration list for PBXNativeTarget "FlappyBird" */;
			buildPhases = (
				5B673A361D1B863400E585E3 /* Sources */,
				5B673A371D1B863400E585E3 /* Frameworks */,
				5B673A381D1B863400E585E3 /* Resources */,
			);
			buildRules = (
			);
			dependencies = (
			);
			name = FlappyBird;
			productName = FlappyBird;
			productReference = 5B673A3A1D1B863400E585E3 /* FlappyBird.app */;
			productType = "com.apple.product-type.application";
		};
		5B673A4D1D1B863400E585E3 /* FlappyBirdTests */ = {
			isa = PBXNativeTarget;
			buildConfigurationList = 5B673A651D1B863400E585E3 /* Build configuration list for PBXNativeTarget "FlappyBirdTests" */;
			buildPhases = (
				5B673A4A1D1B863400E585E3 /* Sources */,
				5B673A4B1D1B863400E585E3 /* Frameworks */,
				5B673A4C1D1B863400E585E3 /* Resources */,
			);
			buildRules = (
			);
			dependencies = (
				5B673A501D1B863400E585E3 /* PBXTargetDependency */,
			);
			name = FlappyBirdTests;
			productName = FlappyBirdTests;
			productReference = 5B673A4E1D1B863400E585E3 /* FlappyBirdTests.xctest */;
			productType = "com.apple.product-type.bundle.unit-test";
		};
		5B673A581D1B863400E585E3 /* FlappyBirdUITests */ = {
			isa = PBXNativeTarget;
			buildConfigurationList = 5B673A681D1B863400E585E3 /* Build configuration list for PBXNativeTarget "FlappyBirdUITests" */;
			buildPhases = (
				5B673A551D1B863400E585E3 /* Sources */,
				5B673A561D1B863400E585E3 /* Frameworks */,
				5B673A571D1B863400E585E3 /* Resources */,
			);
			buildRules = (
			);
			dependencies = (
				5B673A5B1D1B863400E585E3 /* PBXTargetDependency */,
			);
			name = FlappyBirdUITests;
			productName = FlappyBirdUITests;
			productReference = 5B673A591D1B863400E585E3 /* FlappyBirdUITests.xctest */;
			productType = "com.apple.product-type.bundle.ui-testing";
		};
/* End PBXNativeTarget section */

/* Begin PBXProject section */
		5B673A321D1B863300E585E3 /* Project object */ = {
			isa = PBXProject;
			attributes = {
				LastSwiftUpdateCheck = 0730;
				LastUpgradeCheck = 0730;
				ORGANIZATIONNAME = huemura;
				TargetAttributes = {
					5B673A391D1B863400E585E3 = {
						CreatedOnToolsVersion = 7.3.1;
						DevelopmentTeam = 8HDW23J2P5;
					};
					5B673A4D1D1B863400E585E3 = {
						CreatedOnToolsVersion = 7.3.1;
						TestTargetID = 5B673A391D1B863400E585E3;
					};
					5B673A581D1B863400E585E3 = {
						CreatedOnToolsVersion = 7.3.1;
						TestTargetID = 5B673A391D1B863400E585E3;
					};
				};
			};
			buildConfigurationList = 5B673A351D1B863300E585E3 /* Build configuration list for PBXProject "FlappyBird" */;
			compatibilityVersion = "Xcode 3.2";
			developmentRegion = English;
			hasScannedForEncodings = 0;
			knownRegions = (
				en,
				Base,
			);
			mainGroup = 5B673A311D1B863300E585E3;
			productRefGroup = 5B673A3B1D1B863400E585E3 /* Products */;
			projectDirPath = "";
			projectRoot = "";
			targets = (
				5B673A391D1B863400E585E3 /* FlappyBird */,
				5B673A4D1D1B863400E585E3 /* FlappyBirdTests */,
				5B673A581D1B863400E585E3 /* FlappyBirdUITests */,
			);
		};
/* End PBXProject section */

/* Begin PBXResourcesBuildPhase section */
		5B673A381D1B863400E585E3 /* Resources */ = {
			isa = PBXResourcesBuildPhase;
			buildActionMask = 2147483647;
			files = (
				5B673A481D1B863400E585E3 /* LaunchScreen.storyboard in Resources */,
				5B7C7C1E1D1D2ED200B84E56 /* jump.mp3 in Resources */,
				5B673A451D1B863400E585E3 /* Assets.xcassets in Resources */,
				5B673A431D1B863400E585E3 /* Main.storyboard in Resources */,
				5B7C7C1D1D1D2ED200B84E56 /* coin.mp3 in Resources */,
			);
			runOnlyForDeploymentPostprocessing = 0;
		};
		5B673A4C1D1B863400E585E3 /* Resources */ = {
			isa = PBXResourcesBuildPhase;
			buildActionMask = 2147483647;
			files = (
			);
			runOnlyForDeploymentPostprocessing = 0;
		};
		5B673A571D1B863400E585E3 /* Resources */ = {
			isa = PBXResourcesBuildPhase;
			buildActionMask = 2147483647;
			files = (
			);
			runOnlyForDeploymentPostprocessing = 0;
		};
/* End PBXResourcesBuildPhase section */

/* Begin PBXSourcesBuildPhase section */
		5B673A361D1B863400E585E3 /* Sources */ = {
			isa = PBXSourcesBuildPhase;
			buildActionMask = 2147483647;
			files = (
				5B673A6E1D1B891700E585E3 /* GameScene.swift in Sources */,
				5B673A401D1B863400E585E3 /* ViewController.swift in Sources */,
				5B673A3E1D1B863400E585E3 /* AppDelegate.swift in Sources */,
			);
			runOnlyForDeploymentPostprocessing = 0;
		};
		5B673A4A1D1B863400E585E3 /* Sources */ = {
			isa = PBXSourcesBuildPhase;
			buildActionMask = 2147483647;
			files = (
				5B673A531D1B863400E585E3 /* FlappyBirdTests.swift in Sources */,
			);
			runOnlyForDeploymentPostprocessing = 0;
		};
		5B673A551D1B863400E585E3 /* Sources */ = {
			isa = PBXSourcesBuildPhase;
			buildActionMask = 2147483647;
			files = (
				5B673A5E1D1B863400E585E3 /* FlappyBirdUITests.swift in Sources */,
			);
			runOnlyForDeploymentPostprocessing = 0;
		};
/* End PBXSourcesBuildPhase section */

/* Begin PBXTargetDependency section */
		5B673A501D1B863400E585E3 /* PBXTargetDependency */ = {
			isa = PBXTargetDependency;
			target = 5B673A391D1B863400E585E3 /* FlappyBird */;
			targetProxy = 5B673A4F1D1B863400E585E3 /* PBXContainerItemProxy */;
		};
		5B673A5B1D1B863400E585E3 /* PBXTargetDependency */ = {
			isa = PBXTargetDependency;
			target = 5B673A391D1B863400E585E3 /* FlappyBird */;
			targetProxy = 5B673A5A1D1B863400E585E3 /* PBXContainerItemProxy */;
		};
/* End PBXTargetDependency section */

/* Begin PBXVariantGroup section */
		5B673A411D1B863400E585E3 /* Main.storyboard */ = {
			isa = PBXVariantGroup;
			children = (
				5B673A421D1B863400E585E3 /* Base */,
			);
			name = Main.storyboard;
			sourceTree = "<group>";
		};
		5B673A461D1B863400E585E3 /* LaunchScreen.storyboard */ = {
			isa = PBXVariantGroup;
			children = (
				5B673A471D1B863400E585E3 /* Base */,
			);
			name = LaunchScreen.storyboard;
			sourceTree = "<group>";
		};
/* End PBXVariantGroup section */

/* Begin XCBuildConfiguration section */
		5B673A601D1B863400E585E3 /* Debug */ = {
			isa = XCBuildConfiguration;
			buildSettings = {
				ALWAYS_SEARCH_USER_PATHS = NO;
				CLANG_ANALYZER_NONNULL = YES;
				CLANG_CXX_LANGUAGE_STANDARD = "gnu++0x";
				CLANG_CXX_LIBRARY = "libc++";
				CLANG_ENABLE_MODULES = YES;
				CLANG_ENABLE_OBJC_ARC = YES;
				CLANG_WARN_BOOL_CONVERSION = YES;
				CLANG_WARN_CONSTANT_CONVERSION = YES;
				CLANG_WARN_DIRECT_OBJC_ISA_USAGE = YES_ERROR;
				CLANG_WARN_EMPTY_BODY = YES;
				CLANG_WARN_ENUM_CONVERSION = YES;
				CLANG_WARN_INT_CONVERSION = YES;
				CLANG_WARN_OBJC_ROOT_CLASS = YES_ERROR;
				CLANG_WARN_UNREACHABLE_CODE = YES;
				CLANG_WARN__DUPLICATE_METHOD_MATCH = YES;
				"CODE_SIGN_IDENTITY[sdk=iphoneos*]" = "iPhone Developer";
				COPY_PHASE_STRIP = NO;
				DEBUG_INFORMATION_FORMAT = dwarf;
				ENABLE_STRICT_OBJC_MSGSEND = YES;
				ENABLE_TESTABILITY = YES;
				GCC_C_LANGUAGE_STANDARD = gnu99;
				GCC_DYNAMIC_NO_PIC = NO;
				GCC_NO_COMMON_BLOCKS = YES;
				GCC_OPTIMIZATION_LEVEL = 0;
				GCC_PREPROCESSOR_DEFINITIONS = (
					"DEBUG=1",
					"$(inherited)",
				);
				GCC_WARN_64_TO_32_BIT_CONVERSION = YES;
				GCC_WARN_ABOUT_RETURN_TYPE = YES_ERROR;
				GCC_WARN_UNDECLARED_SELECTOR = YES;
				GCC_WARN_UNINITIALIZED_AUTOS = YES_AGGRESSIVE;
				GCC_WARN_UNUSED_FUNCTION = YES;
				GCC_WARN_UNUSED_VARIABLE = YES;
				IPHONEOS_DEPLOYMENT_TARGET = 9.3;
				MTL_ENABLE_DEBUG_INFO = YES;
				ONLY_ACTIVE_ARCH = YES;
				SDKROOT = iphoneos;
				SWIFT_OPTIMIZATION_LEVEL = "-Onone";
			};
			name = Debug;
		};
		5B673A611D1B863400E585E3 /* Release */ = {
			isa = XCBuildConfiguration;
			buildSettings = {
				ALWAYS_SEARCH_USER_PATHS = NO;
				CLANG_ANALYZER_NONNULL = YES;
				CLANG_CXX_LANGUAGE_STANDARD = "gnu++0x";
				CLANG_CXX_LIBRARY = "libc++";
				CLANG_ENABLE_MODULES = YES;
				CLANG_ENABLE_OBJC_ARC = YES;
				CLANG_WARN_BOOL_CONVERSION = YES;
				CLANG_WARN_CONSTANT_CONVERSION = YES;
				CLANG_WARN_DIRECT_OBJC_ISA_USAGE = YES_ERROR;
				CLANG_WARN_EMPTY_BODY = YES;
				CLANG_WARN_ENUM_CONVERSION = YES;
				CLANG_WARN_INT_CONVERSION = YES;
				CLANG_WARN_OBJC_ROOT_CLASS = YES_ERROR;
				CLANG_WARN_UNREACHABLE_CODE = YES;
				CLANG_WARN__DUPLICATE_METHOD_MATCH = YES;
				"CODE_SIGN_IDENTITY[sdk=iphoneos*]" = "iPhone Developer";
				COPY_PHASE_STRIP = NO;
				DEBUG_INFORMATION_FORMAT = "dwarf-with-dsym";
				ENABLE_NS_ASSERTIONS = NO;
				ENABLE_STRICT_OBJC_MSGSEND = YES;
				GCC_C_LANGUAGE_STANDARD = gnu99;
				GCC_NO_COMMON_BLOCKS = YES;
				GCC_WARN_64_TO_32_BIT_CONVERSION = YES;
				GCC_WARN_ABOUT_RETURN_TYPE = YES_ERROR;
				GCC_WARN_UNDECLARED_SELECTOR = YES;
				GCC_WARN_UNINITIALIZED_AUTOS = YES_AGGRESSIVE;
				GCC_WARN_UNUSED_FUNCTION = YES;
				GCC_WARN_UNUSED_VARIABLE = YES;
				IPHONEOS_DEPLOYMENT_TARGET = 9.3;
				MTL_ENABLE_DEBUG_INFO = NO;
				SDKROOT = iphoneos;
				VALIDATE_PRODUCT = YES;
			};
			name = Release;
		};
		5B673A631D1B863400E585E3 /* Debug */ = {
			isa = XCBuildConfiguration;
			buildSettings = {
				ASSETCATALOG_COMPILER_APPICON_NAME = AppIcon;
				CODE_SIGN_IDENTITY = "iPhone Developer";
				"CODE_SIGN_IDENTITY[sdk=iphoneos*]" = "iPhone Developer";
				INFOPLIST_FILE = FlappyBird/Info.plist;
				IPHONEOS_DEPLOYMENT_TARGET = 8.0;
				LD_RUNPATH_SEARCH_PATHS = "$(inherited) @executable_path/Frameworks";
				PRODUCT_BUNDLE_IDENTIFIER = jp.techacademy.hiro.uemura.FlappyBird;
				PRODUCT_NAME = "$(TARGET_NAME)";
				PROVISIONING_PROFILE = "";
			};
			name = Debug;
		};
		5B673A641D1B863400E585E3 /* Release */ = {
			isa = XCBuildConfiguration;
			buildSettings = {
				ASSETCATALOG_COMPILER_APPICON_NAME = AppIcon;
				CODE_SIGN_IDENTITY = "iPhone Developer";
				"CODE_SIGN_IDENTITY[sdk=iphoneos*]" = "iPhone Developer";
				INFOPLIST_FILE = FlappyBird/Info.plist;
				IPHONEOS_DEPLOYMENT_TARGET = 8.0;
				LD_RUNPATH_SEARCH_PATHS = "$(inherited) @executable_path/Frameworks";
				PRODUCT_BUNDLE_IDENTIFIER = jp.techacademy.hiro.uemura.FlappyBird;
				PRODUCT_NAME = "$(TARGET_NAME)";
				PROVISIONING_PROFILE = "";
			};
			name = Release;
		};
		5B673A661D1B863400E585E3 /* Debug */ = {
			isa = XCBuildConfiguration;
			buildSettings = {
				BUNDLE_LOADER = "$(TEST_HOST)";
				INFOPLIST_FILE = FlappyBirdTests/Info.plist;
				LD_RUNPATH_SEARCH_PATHS = "$(inherited) @executable_path/Frameworks @loader_path/Frameworks";
				PRODUCT_BUNDLE_IDENTIFIER = jp.techacademy.hiro.uemura.FlappyBirdTests;
				PRODUCT_NAME = "$(TARGET_NAME)";
				TEST_HOST = "$(BUILT_PRODUCTS_DIR)/FlappyBird.app/FlappyBird";
			};
			name = Debug;
		};
		5B673A671D1B863400E585E3 /* Release */ = {
			isa = XCBuildConfiguration;
			buildSettings = {
				BUNDLE_LOADER = "$(TEST_HOST)";
				INFOPLIST_FILE = FlappyBirdTests/Info.plist;
				LD_RUNPATH_SEARCH_PATHS = "$(inherited) @executable_path/Frameworks @loader_path/Frameworks";
				PRODUCT_BUNDLE_IDENTIFIER = jp.techacademy.hiro.uemura.FlappyBirdTests;
				PRODUCT_NAME = "$(TARGET_NAME)";
				TEST_HOST = "$(BUILT_PRODUCTS_DIR)/FlappyBird.app/FlappyBird";
			};
			name = Release;
		};
		5B673A691D1B863400E585E3 /* Debug */ = {
			isa = XCBuildConfiguration;
			buildSettings = {
				INFOPLIST_FILE = FlappyBirdUITests/Info.plist;
				LD_RUNPATH_SEARCH_PATHS = "$(inherited) @executable_path/Frameworks @loader_path/Frameworks";
				PRODUCT_BUNDLE_IDENTIFIER = jp.techacademy.hiro.uemura.FlappyBirdUITests;
				PRODUCT_NAME = "$(TARGET_NAME)";
				TEST_TARGET_NAME = FlappyBird;
			};
			name = Debug;
		};
		5B673A6A1D1B863400E585E3 /* Release */ = {
			isa = XCBuildConfiguration;
			buildSettings = {
				INFOPLIST_FILE = FlappyBirdUITests/Info.plist;
				LD_RUNPATH_SEARCH_PATHS = "$(inherited) @executable_path/Frameworks @loader_path/Frameworks";
				PRODUCT_BUNDLE_IDENTIFIER = jp.techacademy.hiro.uemura.FlappyBirdUITests;
				PRODUCT_NAME = "$(TARGET_NAME)";
				TEST_TARGET_NAME = FlappyBird;
			};
			name = Release;
		};
/* End XCBuildConfiguration section */

/* Begin XCConfigurationList section */
		5B673A351D1B863300E585E3 /* Build configuration list for PBXProject "FlappyBird" */ = {
			isa = XCConfigurationList;
			buildConfigurations = (
				5B673A601D1B863400E585E3 /* Debug */,
				5B673A611D1B863400E585E3 /* Release */,
			);
			defaultConfigurationIsVisible = 0;
			defaultConfigurationName = Release;
		};
		5B673A621D1B863400E585E3 /* Build configuration list for PBXNativeTarget "FlappyBird" */ = {
			isa = XCConfigurationList;
			buildConfigurations = (
				5B673A631D1B863400E585E3 /* Debug */,
				5B673A641D1B863400E585E3 /* Release */,
			);
			defaultConfigurationIsVisible = 0;
			defaultConfigurationName = Release;
		};
		5B673A651D1B863400E585E3 /* Build configuration list for PBXNativeTarget "FlappyBirdTests" */ = {
			isa = XCConfigurationList;
			buildConfigurations = (
				5B673A661D1B863400E585E3 /* Debug */,
				5B673A671D1B863400E585E3 /* Release */,
			);
			defaultConfigurationIsVisible = 0;
			defaultConfigurationName = Release;
		};
		5B673A681D1B863400E585E3 /* Build configuration list for PBXNativeTarget "FlappyBirdUITests" */ = {
			isa = XCConfigurationList;
			buildConfigurations = (
				5B673A691D1B863400E585E3 /* Debug */,
				5B673A6A1D1B863400E585E3 /* Release */,
			);
			defaultConfigurationIsVisible = 0;
			defaultConfigurationName = Release;
		};
/* End XCConfigurationList section */
	};
	rootObject = 5B673A321D1B863300E585E3 /* Project object */;
}
